
Microsoft Visual Studio Solution File, Format Version 12.00
# Visual Studio Version 16
VisualStudioVersion = 16.0.29926.136
MinimumVisualStudioVersion = 10.0.40219.1
Project("{FAE04EC0-301F-11D3-BF4B-00C04F79EFBC}") = "Matrix", "Matrix.csproj", "{77CA8E2C-D6F2-4C33-9A9C-1A0C8974CB36}"
EndProject
Global
	GlobalSection(SolutionConfigurationPlatforms) = preSolution
		Debug|Any CPU = Debug|Any CPU
		Release|Any CPU = Release|Any CPU
	EndGlobalSection
	GlobalSection(ProjectConfigurationPlatforms) = postSolution
		{77CA8E2C-D6F2-4C33-9A9C-1A0C8974CB36}.Debug|Any CPU.ActiveCfg = Debug|Any CPU
		{77CA8E2C-D6F2-4C33-9A9C-1A0C8974CB36}.Debug|Any CPU.Build.0 = Debug|Any CPU
		{77CA8E2C-D6F2-4C33-9A9C-1A0C8974CB36}.Release|Any CPU.ActiveCfg = Release|Any CPU
		{77CA8E2C-D6F2-4C33-9A9C-1A0C8974CB36}.Release|Any CPU.Build.0 = Release|Any CPU
	EndGlobalSection
	GlobalSection(SolutionProperties) = preSolution
		HideSolutionNode = FALSE
	EndGlobalSection
	GlobalSection(ExtensibilityGlobals) = postSolution
		SolutionGuid = {E52BBA92-B52B-4912-9707-0CF06D625FCE}
	EndGlobalSection
EndGlobal
